{
  "name": "prepros-project",
  "version": "1.0.0",
  "lockfileVersion": 1,
  "requires": true,
  "dependencies": {
    "@fancyapps/ui": {
      "version": "6.0.14",
      "resolved": "https://registry.npmjs.org/@fancyapps/ui/-/ui-6.0.14.tgz",
      "integrity": "sha512-Kska7tgdTo3iNePqNkRvESzepjJ4CqkivGHlsMtM7MHsb/ALHyw4Wfbiyi3WN6cXd7C+MZyTFjgZYNEl2kWWMQ=="
    },
    "@popperjs/core": {
      "version": "2.11.8",
      "resolved": "https://registry.npmjs.org/@popperjs/core/-/core-2.11.8.tgz",
      "integrity": "sha512-P1st0aksCrn9sGZhp8GMYwBnQsbvAWsZAX44oXNNvLHGqAOcoVxmjZiohstwQ7SqKnbR47akdNi+uleWD8+g6A=="
    },
    "inputmask": {
      "version": "5.0.9",
      "resolved": "https://registry.npmjs.org/inputmask/-/inputmask-5.0.9.tgz",
      "integrity": "sha512-s0lUfqcEbel+EQXtehXqwCJGShutgieOaIImFKC/r4reYNvX3foyrChl6LOEvaEgxEbesePIrw1Zi2jhZaDZbQ=="
    },
    "just-validate": {
      "version": "4.3.0",
      "resolved": "https://registry.npmjs.org/just-validate/-/just-validate-4.3.0.tgz",
      "integrity": "sha512-9yS7ZnFk95vq+O7CAa7XZEJvZN5i6jTQWNhLwOjtgkSqiLxo7GZJhK8ViylP76fXPfHLs8tYWqi81XgxPF3OGA=="
    },
    "normalize.css": {
      "version": "8.0.1",
      "resolved": "https://registry.npmjs.org/normalize.css/-/normalize.css-8.0.1.tgz",
      "integrity": "sha512-qizSNPO93t1YUuUhP22btGOo3chcvDFqFaj2TRybP0DMxkHOCTYwp3n34fel4a31ORXy4m1Xq0Gyqpb5m33qIg=="
    },
    "ozimnad-reset": {
      "version": "0.1.0",
      "resolved": "https://registry.npmjs.org/ozimnad-reset/-/ozimnad-reset-0.1.0.tgz",
      "integrity": "sha512-fDwc3UgErEJ8gRbYJmbzK0fj2jnEyGUWy5187H3dfulPhiSaJtVihWf3CxmS1qnwRcWvcTF99XBGx+xWETSNcg=="
    },
    "swiper": {
      "version": "11.2.10",
      "resolved": "https://registry.npmjs.org/swiper/-/swiper-11.2.10.tgz",
      "integrity": "sha512-RMeVUUjTQH+6N3ckimK93oxz6Sn5la4aDlgPzB+rBrG/smPdCTicXyhxa+woIpopz+jewEloiEE3lKo1h9w2YQ=="
    },
    "tippy.js": {
      "version": "6.3.7",
      "resolved": "https://registry.npmjs.org/tippy.js/-/tippy.js-6.3.7.tgz",
      "integrity": "sha512-E1d3oP2emgJ9dRQZdf3Kkn0qJgI6ZLpyS5z6ZkY1DF3kaQaBsGZsndEpHwx+eC+tYM41HaSNvNtLx8tU57FzTQ==",
      "requires": {
        "@popperjs/core": "^2.9.0"
      }
    }
  }
}
